
Microsoft Visual Studio Solution File, Format Version 12.00
# Visual Studio 15
VisualStudioVersion = 15.0.28010.2019
MinimumVisualStudioVersion = 10.0.40219.1
Project("{6EC3EE1D-3C4E-46DD-8F32-0CC8E7565705}") = "FSharpris.Domain", "FSharpris.Domain\FSharpris.Domain.fsproj", "{5D3471D8-001C-4640-8117-955EFA82755F}"
EndProject
Project("{F2A71F9B-5D33-465A-A702-920D77279786}") = "FSharpris.Console", "FSharpris.Console\FSharpris.Console.fsproj", "{485C6F1E-3996-4D26-9E19-2BA651CADFFF}"
EndProject
Project("{2150E333-8FDC-42A3-9474-1A3956D46DE8}") = "Console", "Console", "{BFC9E498-6003-4E39-B350-D29B21D9849C}"
EndProject
Project("{2150E333-8FDC-42A3-9474-1A3956D46DE8}") = "Xamarin", "Xamarin", "{48622A0F-1333-4B2A-AF42-C4E26B10C278}"
EndProject
Project("{6EC3EE1D-3C4E-46DD-8F32-0CC8E7565705}") = "FSharpris.Xamarin", "FSharpris.Xamarin\FSharpris.Xamarin.fsproj", "{81E9500D-858E-4147-950A-D0FC6C66CCA0}"
EndProject
Project("{F2A71F9B-5D33-465A-A702-920D77279786}") = "FSharpris.Xamarin.Android", "FSharpris.Xamarin.Android\FSharpris.Xamarin.Android.fsproj", "{EA95226C-F0AA-4D13-98E3-E9E843A83A4C}"
EndProject
Project("{F2A71F9B-5D33-465A-A702-920D77279786}") = "FSharpris.Xamarin.iOS", "FSharpris.Xamarin.iOS\FSharpris.Xamarin.iOS.fsproj", "{F74D25E4-EB28-4BC0-AC3C-4186E4540A7A}"
EndProject
Global
	GlobalSection(SolutionConfigurationPlatforms) = preSolution
		Ad-Hoc|Any CPU = Ad-Hoc|Any CPU
		Ad-Hoc|iPhone = Ad-Hoc|iPhone
		Ad-Hoc|iPhoneSimulator = Ad-Hoc|iPhoneSimulator
		AppStore|Any CPU = AppStore|Any CPU
		AppStore|iPhone = AppStore|iPhone
		AppStore|iPhoneSimulator = AppStore|iPhoneSimulator
		Debug|Any CPU = Debug|Any CPU
		Debug|iPhone = Debug|iPhone
		Debug|iPhoneSimulator = Debug|iPhoneSimulator
		Release|Any CPU = Release|Any CPU
		Release|iPhone = Release|iPhone
		Release|iPhoneSimulator = Release|iPhoneSimulator
	EndGlobalSection
	GlobalSection(ProjectConfigurationPlatforms) = postSolution
		{5D3471D8-001C-4640-8117-955EFA82755F}.Ad-Hoc|Any CPU.ActiveCfg = Release|Any CPU
		{5D3471D8-001C-4640-8117-955EFA82755F}.Ad-Hoc|Any CPU.Build.0 = Release|Any CPU
		{5D3471D8-001C-4640-8117-955EFA82755F}.Ad-Hoc|iPhone.ActiveCfg = Release|Any CPU
		{5D3471D8-001C-4640-8117-955EFA82755F}.Ad-Hoc|iPhone.Build.0 = Release|Any CPU
		{5D3471D8-001C-4640-8117-955EFA82755F}.Ad-Hoc|iPhoneSimulator.ActiveCfg = Release|Any CPU
		{5D3471D8-001C-4640-8117-955EFA82755F}.Ad-Hoc|iPhoneSimulator.Build.0 = Release|Any CPU
		{5D3471D8-001C-4640-8117-955EFA82755F}.AppStore|Any CPU.ActiveCfg = Release|Any CPU
		{5D3471D8-001C-4640-8117-955EFA82755F}.AppStore|Any CPU.Build.0 = Release|Any CPU
		{5D3471D8-001C-4640-8117-955EFA82755F}.AppStore|iPhone.ActiveCfg = Release|Any CPU
		{5D3471D8-001C-4640-8117-955EFA82755F}.AppStore|iPhone.Build.0 = Release|Any CPU
		{5D3471D8-001C-4640-8117-955EFA82755F}.AppStore|iPhoneSimulator.ActiveCfg = Release|Any CPU
		{5D3471D8-001C-4640-8117-955EFA82755F}.AppStore|iPhoneSimulator.Build.0 = Release|Any CPU
		{5D3471D8-001C-4640-8117-955EFA82755F}.Debug|Any CPU.ActiveCfg = Debug|Any CPU
		{5D3471D8-001C-4640-8117-955EFA82755F}.Debug|Any CPU.Build.0 = Debug|Any CPU
		{5D3471D8-001C-4640-8117-955EFA82755F}.Debug|iPhone.ActiveCfg = Debug|Any CPU
		{5D3471D8-001C-4640-8117-955EFA82755F}.Debug|iPhone.Build.0 = Debug|Any CPU
		{5D3471D8-001C-4640-8117-955EFA82755F}.Debug|iPhoneSimulator.ActiveCfg = Debug|Any CPU
		{5D3471D8-001C-4640-8117-955EFA82755F}.Debug|iPhoneSimulator.Build.0 = Debug|Any CPU
		{5D3471D8-001C-4640-8117-955EFA82755F}.Release|Any CPU.ActiveCfg = Release|Any CPU
		{5D3471D8-001C-4640-8117-955EFA82755F}.Release|Any CPU.Build.0 = Release|Any CPU
		{5D3471D8-001C-4640-8117-955EFA82755F}.Release|iPhone.ActiveCfg = Release|Any CPU
		{5D3471D8-001C-4640-8117-955EFA82755F}.Release|iPhone.Build.0 = Release|Any CPU
		{5D3471D8-001C-4640-8117-955EFA82755F}.Release|iPhoneSimulator.ActiveCfg = Release|Any CPU
		{5D3471D8-001C-4640-8117-955EFA82755F}.Release|iPhoneSimulator.Build.0 = Release|Any CPU
		{485C6F1E-3996-4D26-9E19-2BA651CADFFF}.Ad-Hoc|Any CPU.ActiveCfg = Release|Any CPU
		{485C6F1E-3996-4D26-9E19-2BA651CADFFF}.Ad-Hoc|Any CPU.Build.0 = Release|Any CPU
		{485C6F1E-3996-4D26-9E19-2BA651CADFFF}.Ad-Hoc|iPhone.ActiveCfg = Release|Any CPU
		{485C6F1E-3996-4D26-9E19-2BA651CADFFF}.Ad-Hoc|iPhone.Build.0 = Release|Any CPU
		{485C6F1E-3996-4D26-9E19-2BA651CADFFF}.Ad-Hoc|iPhoneSimulator.ActiveCfg = Release|Any CPU
		{485C6F1E-3996-4D26-9E19-2BA651CADFFF}.Ad-Hoc|iPhoneSimulator.Build.0 = Release|Any CPU
		{485C6F1E-3996-4D26-9E19-2BA651CADFFF}.AppStore|Any CPU.ActiveCfg = Release|Any CPU
		{485C6F1E-3996-4D26-9E19-2BA651CADFFF}.AppStore|Any CPU.Build.0 = Release|Any CPU
		{485C6F1E-3996-4D26-9E19-2BA651CADFFF}.AppStore|iPhone.ActiveCfg = Release|Any CPU
		{485C6F1E-3996-4D26-9E19-2BA651CADFFF}.AppStore|iPhone.Build.0 = Release|Any CPU
		{485C6F1E-3996-4D26-9E19-2BA651CADFFF}.AppStore|iPhoneSimulator.ActiveCfg = Release|Any CPU
		{485C6F1E-3996-4D26-9E19-2BA651CADFFF}.AppStore|iPhoneSimulator.Build.0 = Release|Any CPU
		{485C6F1E-3996-4D26-9E19-2BA651CADFFF}.Debug|Any CPU.ActiveCfg = Debug|Any CPU
		{485C6F1E-3996-4D26-9E19-2BA651CADFFF}.Debug|Any CPU.Build.0 = Debug|Any CPU
		{485C6F1E-3996-4D26-9E19-2BA651CADFFF}.Debug|iPhone.ActiveCfg = Debug|Any CPU
		{485C6F1E-3996-4D26-9E19-2BA651CADFFF}.Debug|iPhone.Build.0 = Debug|Any CPU
		{485C6F1E-3996-4D26-9E19-2BA651CADFFF}.Debug|iPhoneSimulator.ActiveCfg = Debug|Any CPU
		{485C6F1E-3996-4D26-9E19-2BA651CADFFF}.Debug|iPhoneSimulator.Build.0 = Debug|Any CPU
		{485C6F1E-3996-4D26-9E19-2BA651CADFFF}.Release|Any CPU.ActiveCfg = Release|Any CPU
		{485C6F1E-3996-4D26-9E19-2BA651CADFFF}.Release|Any CPU.Build.0 = Release|Any CPU
		{485C6F1E-3996-4D26-9E19-2BA651CADFFF}.Release|iPhone.ActiveCfg = Release|Any CPU
		{485C6F1E-3996-4D26-9E19-2BA651CADFFF}.Release|iPhone.Build.0 = Release|Any CPU
		{485C6F1E-3996-4D26-9E19-2BA651CADFFF}.Release|iPhoneSimulator.ActiveCfg = Release|Any CPU
		{485C6F1E-3996-4D26-9E19-2BA651CADFFF}.Release|iPhoneSimulator.Build.0 = Release|Any CPU
		{81E9500D-858E-4147-950A-D0FC6C66CCA0}.Ad-Hoc|Any CPU.ActiveCfg = Debug|Any CPU
		{81E9500D-858E-4147-950A-D0FC6C66CCA0}.Ad-Hoc|Any CPU.Build.0 = Debug|Any CPU
		{81E9500D-858E-4147-950A-D0FC6C66CCA0}.Ad-Hoc|iPhone.ActiveCfg = Debug|Any CPU
		{81E9500D-858E-4147-950A-D0FC6C66CCA0}.Ad-Hoc|iPhone.Build.0 = Debug|Any CPU
		{81E9500D-858E-4147-950A-D0FC6C66CCA0}.Ad-Hoc|iPhoneSimulator.ActiveCfg = Debug|Any CPU
		{81E9500D-858E-4147-950A-D0FC6C66CCA0}.Ad-Hoc|iPhoneSimulator.Build.0 = Debug|Any CPU
		{81E9500D-858E-4147-950A-D0FC6C66CCA0}.AppStore|Any CPU.ActiveCfg = Debug|Any CPU
		{81E9500D-858E-4147-950A-D0FC6C66CCA0}.AppStore|Any CPU.Build.0 = Debug|Any CPU
		{81E9500D-858E-4147-950A-D0FC6C66CCA0}.AppStore|iPhone.ActiveCfg = Debug|Any CPU
		{81E9500D-858E-4147-950A-D0FC6C66CCA0}.AppStore|iPhone.Build.0 = Debug|Any CPU
		{81E9500D-858E-4147-950A-D0FC6C66CCA0}.AppStore|iPhoneSimulator.ActiveCfg = Debug|Any CPU
		{81E9500D-858E-4147-950A-D0FC6C66CCA0}.AppStore|iPhoneSimulator.Build.0 = Debug|Any CPU
		{81E9500D-858E-4147-950A-D0FC6C66CCA0}.Debug|Any CPU.ActiveCfg = Debug|Any CPU
		{81E9500D-858E-4147-950A-D0FC6C66CCA0}.Debug|Any CPU.Build.0 = Debug|Any CPU
		{81E9500D-858E-4147-950A-D0FC6C66CCA0}.Debug|iPhone.ActiveCfg = Debug|Any CPU
		{81E9500D-858E-4147-950A-D0FC6C66CCA0}.Debug|iPhone.Build.0 = Debug|Any CPU
		{81E9500D-858E-4147-950A-D0FC6C66CCA0}.Debug|iPhoneSimulator.ActiveCfg = Debug|Any CPU
		{81E9500D-858E-4147-950A-D0FC6C66CCA0}.Debug|iPhoneSimulator.Build.0 = Debug|Any CPU
		{81E9500D-858E-4147-950A-D0FC6C66CCA0}.Release|Any CPU.ActiveCfg = Release|Any CPU
		{81E9500D-858E-4147-950A-D0FC6C66CCA0}.Release|Any CPU.Build.0 = Release|Any CPU
		{81E9500D-858E-4147-950A-D0FC6C66CCA0}.Release|iPhone.ActiveCfg = Release|Any CPU
		{81E9500D-858E-4147-950A-D0FC6C66CCA0}.Release|iPhone.Build.0 = Release|Any CPU
		{81E9500D-858E-4147-950A-D0FC6C66CCA0}.Release|iPhoneSimulator.ActiveCfg = Release|Any CPU
		{81E9500D-858E-4147-950A-D0FC6C66CCA0}.Release|iPhoneSimulator.Build.0 = Release|Any CPU
		{EA95226C-F0AA-4D13-98E3-E9E843A83A4C}.Ad-Hoc|Any CPU.ActiveCfg = Release|Any CPU
		{EA95226C-F0AA-4D13-98E3-E9E843A83A4C}.Ad-Hoc|Any CPU.Build.0 = Release|Any CPU
		{EA95226C-F0AA-4D13-98E3-E9E843A83A4C}.Ad-Hoc|Any CPU.Deploy.0 = Release|Any CPU
		{EA95226C-F0AA-4D13-98E3-E9E843A83A4C}.Ad-Hoc|iPhone.ActiveCfg = Release|Any CPU
		{EA95226C-F0AA-4D13-98E3-E9E843A83A4C}.Ad-Hoc|iPhone.Build.0 = Release|Any CPU
		{EA95226C-F0AA-4D13-98E3-E9E843A83A4C}.Ad-Hoc|iPhone.Deploy.0 = Release|Any CPU
		{EA95226C-F0AA-4D13-98E3-E9E843A83A4C}.Ad-Hoc|iPhoneSimulator.ActiveCfg = Release|Any CPU
		{EA95226C-F0AA-4D13-98E3-E9E843A83A4C}.Ad-Hoc|iPhoneSimulator.Build.0 = Release|Any CPU
		{EA95226C-F0AA-4D13-98E3-E9E843A83A4C}.Ad-Hoc|iPhoneSimulator.Deploy.0 = Release|Any CPU
		{EA95226C-F0AA-4D13-98E3-E9E843A83A4C}.AppStore|Any CPU.ActiveCfg = Release|Any CPU
		{EA95226C-F0AA-4D13-98E3-E9E843A83A4C}.AppStore|Any CPU.Build.0 = Release|Any CPU
		{EA95226C-F0AA-4D13-98E3-E9E843A83A4C}.AppStore|Any CPU.Deploy.0 = Release|Any CPU
		{EA95226C-F0AA-4D13-98E3-E9E843A83A4C}.AppStore|iPhone.ActiveCfg = Release|Any CPU
		{EA95226C-F0AA-4D13-98E3-E9E843A83A4C}.AppStore|iPhone.Build.0 = Release|Any CPU
		{EA95226C-F0AA-4D13-98E3-E9E843A83A4C}.AppStore|iPhone.Deploy.0 = Release|Any CPU
		{EA95226C-F0AA-4D13-98E3-E9E843A83A4C}.AppStore|iPhoneSimulator.ActiveCfg = Release|Any CPU
		{EA95226C-F0AA-4D13-98E3-E9E843A83A4C}.AppStore|iPhoneSimulator.Build.0 = Release|Any CPU
		{EA95226C-F0AA-4D13-98E3-E9E843A83A4C}.AppStore|iPhoneSimulator.Deploy.0 = Release|Any CPU
		{EA95226C-F0AA-4D13-98E3-E9E843A83A4C}.Debug|Any CPU.ActiveCfg = Debug|Any CPU
		{EA95226C-F0AA-4D13-98E3-E9E843A83A4C}.Debug|Any CPU.Build.0 = Debug|Any CPU
		{EA95226C-F0AA-4D13-98E3-E9E843A83A4C}.Debug|Any CPU.Deploy.0 = Debug|Any CPU
		{EA95226C-F0AA-4D13-98E3-E9E843A83A4C}.Debug|iPhone.ActiveCfg = Debug|Any CPU
		{EA95226C-F0AA-4D13-98E3-E9E843A83A4C}.Debug|iPhone.Build.0 = Debug|Any CPU
		{EA95226C-F0AA-4D13-98E3-E9E843A83A4C}.Debug|iPhone.Deploy.0 = Debug|Any CPU
		{EA95226C-F0AA-4D13-98E3-E9E843A83A4C}.Debug|iPhoneSimulator.ActiveCfg = Debug|Any CPU
		{EA95226C-F0AA-4D13-98E3-E9E843A83A4C}.Debug|iPhoneSimulator.Build.0 = Debug|Any CPU
		{EA95226C-F0AA-4D13-98E3-E9E843A83A4C}.Debug|iPhoneSimulator.Deploy.0 = Debug|Any CPU
		{EA95226C-F0AA-4D13-98E3-E9E843A83A4C}.Release|Any CPU.ActiveCfg = Release|Any CPU
		{EA95226C-F0AA-4D13-98E3-E9E843A83A4C}.Release|Any CPU.Build.0 = Release|Any CPU
		{EA95226C-F0AA-4D13-98E3-E9E843A83A4C}.Release|Any CPU.Deploy.0 = Release|Any CPU
		{EA95226C-F0AA-4D13-98E3-E9E843A83A4C}.Release|iPhone.ActiveCfg = Release|Any CPU
		{EA95226C-F0AA-4D13-98E3-E9E843A83A4C}.Release|iPhone.Build.0 = Release|Any CPU
		{EA95226C-F0AA-4D13-98E3-E9E843A83A4C}.Release|iPhone.Deploy.0 = Release|Any CPU
		{EA95226C-F0AA-4D13-98E3-E9E843A83A4C}.Release|iPhoneSimulator.ActiveCfg = Release|Any CPU
		{EA95226C-F0AA-4D13-98E3-E9E843A83A4C}.Release|iPhoneSimulator.Build.0 = Release|Any CPU
		{EA95226C-F0AA-4D13-98E3-E9E843A83A4C}.Release|iPhoneSimulator.Deploy.0 = Release|Any CPU
		{F74D25E4-EB28-4BC0-AC3C-4186E4540A7A}.Ad-Hoc|Any CPU.ActiveCfg = Ad-Hoc|iPhone
		{F74D25E4-EB28-4BC0-AC3C-4186E4540A7A}.Ad-Hoc|iPhone.ActiveCfg = Ad-Hoc|iPhone
		{F74D25E4-EB28-4BC0-AC3C-4186E4540A7A}.Ad-Hoc|iPhone.Build.0 = Ad-Hoc|iPhone
		{F74D25E4-EB28-4BC0-AC3C-4186E4540A7A}.Ad-Hoc|iPhoneSimulator.ActiveCfg = Ad-Hoc|iPhoneSimulator
		{F74D25E4-EB28-4BC0-AC3C-4186E4540A7A}.Ad-Hoc|iPhoneSimulator.Build.0 = Ad-Hoc|iPhoneSimulator
		{F74D25E4-EB28-4BC0-AC3C-4186E4540A7A}.AppStore|Any CPU.ActiveCfg = AppStore|iPhone
		{F74D25E4-EB28-4BC0-AC3C-4186E4540A7A}.AppStore|iPhone.ActiveCfg = AppStore|iPhone
		{F74D25E4-EB28-4BC0-AC3C-4186E4540A7A}.AppStore|iPhone.Build.0 = AppStore|iPhone
		{F74D25E4-EB28-4BC0-AC3C-4186E4540A7A}.AppStore|iPhoneSimulator.ActiveCfg = AppStore|iPhoneSimulator
		{F74D25E4-EB28-4BC0-AC3C-4186E4540A7A}.AppStore|iPhoneSimulator.Build.0 = AppStore|iPhoneSimulator
		{F74D25E4-EB28-4BC0-AC3C-4186E4540A7A}.Debug|Any CPU.ActiveCfg = Debug|iPhone
		{F74D25E4-EB28-4BC0-AC3C-4186E4540A7A}.Debug|iPhone.ActiveCfg = Debug|iPhone
		{F74D25E4-EB28-4BC0-AC3C-4186E4540A7A}.Debug|iPhone.Build.0 = Debug|iPhone
		{F74D25E4-EB28-4BC0-AC3C-4186E4540A7A}.Debug|iPhoneSimulator.ActiveCfg = Debug|iPhoneSimulator
		{F74D25E4-EB28-4BC0-AC3C-4186E4540A7A}.Debug|iPhoneSimulator.Build.0 = Debug|iPhoneSimulator
		{F74D25E4-EB28-4BC0-AC3C-4186E4540A7A}.Release|Any CPU.ActiveCfg = Release|iPhone
		{F74D25E4-EB28-4BC0-AC3C-4186E4540A7A}.Release|iPhone.ActiveCfg = Release|iPhone
		{F74D25E4-EB28-4BC0-AC3C-4186E4540A7A}.Release|iPhone.Build.0 = Release|iPhone
		{F74D25E4-EB28-4BC0-AC3C-4186E4540A7A}.Release|iPhoneSimulator.ActiveCfg = Release|iPhoneSimulator
		{F74D25E4-EB28-4BC0-AC3C-4186E4540A7A}.Release|iPhoneSimulator.Build.0 = Release|iPhoneSimulator
	EndGlobalSection
	GlobalSection(SolutionProperties) = preSolution
		HideSolutionNode = FALSE
	EndGlobalSection
	GlobalSection(NestedProjects) = preSolution
		{485C6F1E-3996-4D26-9E19-2BA651CADFFF} = {BFC9E498-6003-4E39-B350-D29B21D9849C}
		{81E9500D-858E-4147-950A-D0FC6C66CCA0} = {48622A0F-1333-4B2A-AF42-C4E26B10C278}
		{EA95226C-F0AA-4D13-98E3-E9E843A83A4C} = {48622A0F-1333-4B2A-AF42-C4E26B10C278}
		{F74D25E4-EB28-4BC0-AC3C-4186E4540A7A} = {48622A0F-1333-4B2A-AF42-C4E26B10C278}
	EndGlobalSection
	GlobalSection(ExtensibilityGlobals) = postSolution
		SolutionGuid = {92BA05A2-21A6-4524-9330-8134D7298AD1}
	EndGlobalSection
EndGlobal
